
Microsoft Visual Studio Solution File, Format Version 12.00
# Visual Studio Version 17
VisualStudioVersion = 17.4.33213.308
MinimumVisualStudioVersion = 10.0.40219.1
Project("{FAE04EC0-301F-11D3-BF4B-00C04F79EFBC}") = "Hotel", "Hotel.csproj", "{25C7DADF-AA65-4338-A5BD-C00A4CF89F73}"
EndProject
Global
	GlobalSection(SolutionConfigurationPlatforms) = preSolution
		Debug|Any CPU = Debug|Any CPU
		Release|Any CPU = Release|Any CPU
	EndGlobalSection
	GlobalSection(ProjectConfigurationPlatforms) = postSolution
		{25C7DADF-AA65-4338-A5BD-C00A4CF89F73}.Debug|Any CPU.ActiveCfg = Debug|Any CPU
		{25C7DADF-AA65-4338-A5BD-C00A4CF89F73}.Debug|Any CPU.Build.0 = Debug|Any CPU
		{25C7DADF-AA65-4338-A5BD-C00A4CF89F73}.Release|Any CPU.ActiveCfg = Release|Any CPU
		{25C7DADF-AA65-4338-A5BD-C00A4CF89F73}.Release|Any CPU.Build.0 = Release|Any CPU
	EndGlobalSection
	GlobalSection(SolutionProperties) = preSolution
		HideSolutionNode = FALSE
	EndGlobalSection
	GlobalSection(ExtensibilityGlobals) = postSolution
		SolutionGuid = {7B4B0995-399D-4366-8150-4B6C0A7541ED}
	EndGlobalSection
EndGlobal
